// !$*UTF8*$!
{
	archiveVersion = 1;
	classes = {
	};
	objectVersion = 46;
	objects = {

/* Begin PBXBuildFile section */
		DCF9A42B1E2F548A00D9F103 /* AppDelegate.swift in Sources */ = {isa = PBXBuildFile; fileRef = DCF9A42A1E2F548A00D9F103 /* AppDelegate.swift */; };
		DCF9A42D1E2F548A00D9F103 /* ViewController.swift in Sources */ = {isa = PBXBuildFile; fileRef = DCF9A42C1E2F548A00D9F103 /* ViewController.swift */; };
		DCF9A4301E2F548A00D9F103 /* Main.storyboard in Resources */ = {isa = PBXBuildFile; fileRef = DCF9A42E1E2F548A00D9F103 /* Main.storyboard */; };
		DCF9A4321E2F548A00D9F103 /* Assets.xcassets in Resources */ = {isa = PBXBuildFile; fileRef = DCF9A4311E2F548A00D9F103 /* Assets.xcassets */; };
		DCF9A4351E2F548A00D9F103 /* LaunchScreen.storyboard in Resources */ = {isa = PBXBuildFile; fileRef = DCF9A4331E2F548A00D9F103 /* LaunchScreen.storyboard */; };
		DCF9A4401E2F548A00D9F103 /* muraappTests.swift in Sources */ = {isa = PBXBuildFile; fileRef = DCF9A43F1E2F548A00D9F103 /* muraappTests.swift */; };
		DCF9A44B1E2F548A00D9F103 /* muraappUITests.swift in Sources */ = {isa = PBXBuildFile; fileRef = DCF9A44A1E2F548A00D9F103 /* muraappUITests.swift */; };
/* End PBXBuildFile section */

/* Begin PBXContainerItemProxy section */
		DCF9A43C1E2F548A00D9F103 /* PBXContainerItemProxy */ = {
			isa = PBXContainerItemProxy;
			containerPortal = DCF9A41F1E2F548A00D9F103 /* Project object */;
			proxyType = 1;
			remoteGlobalIDString = DCF9A4261E2F548A00D9F103;
			remoteInfo = muraapp;
		};
		DCF9A4471E2F548A00D9F103 /* PBXContainerItemProxy */ = {
			isa = PBXContainerItemProxy;
			containerPortal = DCF9A41F1E2F548A00D9F103 /* Project object */;
			proxyType = 1;
			remoteGlobalIDString = DCF9A4261E2F548A00D9F103;
			remoteInfo = muraapp;
		};
/* End PBXContainerItemProxy section */

/* Begin PBXFileReference section */
		DCF9A4271E2F548A00D9F103 /* muraapp.app */ = {isa = PBXFileReference; explicitFileType = wrapper.application; includeInIndex = 0; path = muraapp.app; sourceTree = BUILT_PRODUCTS_DIR; };
		DCF9A42A1E2F548A00D9F103 /* AppDelegate.swift */ = {isa = PBXFileReference; lastKnownFileType = sourcecode.swift; path = AppDelegate.swift; sourceTree = "<group>"; };
		DCF9A42C1E2F548A00D9F103 /* ViewController.swift */ = {isa = PBXFileReference; lastKnownFileType = sourcecode.swift; path = ViewController.swift; sourceTree = "<group>"; };
		DCF9A42F1E2F548A00D9F103 /* Base */ = {isa = PBXFileReference; lastKnownFileType = file.storyboard; name = Base; path = Base.lproj/Main.storyboard; sourceTree = "<group>"; };
		DCF9A4311E2F548A00D9F103 /* Assets.xcassets */ = {isa = PBXFileReference; lastKnownFileType = folder.assetcatalog; path = Assets.xcassets; sourceTree = "<group>"; };
		DCF9A4341E2F548A00D9F103 /* Base */ = {isa = PBXFileReference; lastKnownFileType = file.storyboard; name = Base; path = Base.lproj/LaunchScreen.storyboard; sourceTree = "<group>"; };
		DCF9A4361E2F548A00D9F103 /* Info.plist */ = {isa = PBXFileReference; lastKnownFileType = text.plist.xml; path = Info.plist; sourceTree = "<group>"; };
		DCF9A43B1E2F548A00D9F103 /* muraappTests.xctest */ = {isa = PBXFileReference; explicitFileType = wrapper.cfbundle; includeInIndex = 0; path = muraappTests.xctest; sourceTree = BUILT_PRODUCTS_DIR; };
		DCF9A43F1E2F548A00D9F103 /* muraappTests.swift */ = {isa = PBXFileReference; lastKnownFileType = sourcecode.swift; path = muraappTests.swift; sourceTree = "<group>"; };
		DCF9A4411E2F548A00D9F103 /* Info.plist */ = {isa = PBXFileReference; lastKnownFileType = text.plist.xml; path = Info.plist; sourceTree = "<group>"; };
		DCF9A4461E2F548A00D9F103 /* muraappUITests.xctest */ = {isa = PBXFileReference; explicitFileType = wrapper.cfbundle; includeInIndex = 0; path = muraappUITests.xctest; sourceTree = BUILT_PRODUCTS_DIR; };
		DCF9A44A1E2F548A00D9F103 /* muraappUITests.swift */ = {isa = PBXFileReference; lastKnownFileType = sourcecode.swift; path = muraappUITests.swift; sourceTree = "<group>"; };
		DCF9A44C1E2F548A00D9F103 /* Info.plist */ = {isa = PBXFileReference; lastKnownFileType = text.plist.xml; path = Info.plist; sourceTree = "<group>"; };
/* End PBXFileReference section */

/* Begin PBXFrameworksBuildPhase section */
		DCF9A4241E2F548A00D9F103 /* Frameworks */ = {
			isa = PBXFrameworksBuildPhase;
			buildActionMask = 2147483647;
			files = (
			);
			runOnlyForDeploymentPostprocessing = 0;
		};
		DCF9A4381E2F548A00D9F103 /* Frameworks */ = {
			isa = PBXFrameworksBuildPhase;
			buildActionMask = 2147483647;
			files = (
			);
			runOnlyForDeploymentPostprocessing = 0;
		};
		DCF9A4431E2F548A00D9F103 /* Frameworks */ = {
			isa = PBXFrameworksBuildPhase;
			buildActionMask = 2147483647;
			files = (
			);
			runOnlyForDeploymentPostprocessing = 0;
		};
/* End PBXFrameworksBuildPhase section */

/* Begin PBXGroup section */
		DCF9A41E1E2F548A00D9F103 = {
			isa = PBXGroup;
			children = (
				DCF9A4291E2F548A00D9F103 /* muraapp */,
				DCF9A43E1E2F548A00D9F103 /* muraappTests */,
				DCF9A4491E2F548A00D9F103 /* muraappUITests */,
				DCF9A4281E2F548A00D9F103 /* Products */,
			);
			sourceTree = "<group>";
		};
		DCF9A4281E2F548A00D9F103 /* Products */ = {
			isa = PBXGroup;
			children = (
				DCF9A4271E2F548A00D9F103 /* muraapp.app */,
				DCF9A43B1E2F548A00D9F103 /* muraappTests.xctest */,
				DCF9A4461E2F548A00D9F103 /* muraappUITests.xctest */,
			);
			name = Products;
			sourceTree = "<group>";
		};
		DCF9A4291E2F548A00D9F103 /* muraapp */ = {
			isa = PBXGroup;
			children = (
				DCF9A42A1E2F548A00D9F103 /* AppDelegate.swift */,
				DCF9A42C1E2F548A00D9F103 /* ViewController.swift */,
				DCF9A42E1E2F548A00D9F103 /* Main.storyboard */,
				DCF9A4311E2F548A00D9F103 /* Assets.xcassets */,
				DCF9A4331E2F548A00D9F103 /* LaunchScreen.storyboard */,
				DCF9A4361E2F548A00D9F103 /* Info.plist */,
			);
			path = muraapp;
			sourceTree = "<group>";
		};
		DCF9A43E1E2F548A00D9F103 /* muraappTests */ = {
			isa = PBXGroup;
			children = (
				DCF9A43F1E2F548A00D9F103 /* muraappTests.swift */,
				DCF9A4411E2F548A00D9F103 /* Info.plist */,
			);
			path = muraappTests;
			sourceTree = "<group>";
		};
		DCF9A4491E2F548A00D9F103 /* muraappUITests */ = {
			isa = PBXGroup;
			children = (
				DCF9A44A1E2F548A00D9F103 /* muraappUITests.swift */,
				DCF9A44C1E2F548A00D9F103 /* Info.plist */,
			);
			path = muraappUITests;
			sourceTree = "<group>";
		};
/* End PBXGroup section */

/* Begin PBXNativeTarget section */
		DCF9A4261E2F548A00D9F103 /* muraapp */ = {
			isa = PBXNativeTarget;
			buildConfigurationList = DCF9A44F1E2F548A00D9F103 /* Build configuration list for PBXNativeTarget "muraapp" */;
			buildPhases = (
				DCF9A4231E2F548A00D9F103 /* Sources */,
				DCF9A4241E2F548A00D9F103 /* Frameworks */,
				DCF9A4251E2F548A00D9F103 /* Resources */,
			);
			buildRules = (
			);
			dependencies = (
			);
			name = muraapp;
			productName = muraapp;
			productReference = DCF9A4271E2F548A00D9F103 /* muraapp.app */;
			productType = "com.apple.product-type.application";
		};
		DCF9A43A1E2F548A00D9F103 /* muraappTests */ = {
			isa = PBXNativeTarget;
			buildConfigurationList = DCF9A4521E2F548A00D9F103 /* Build configuration list for PBXNativeTarget "muraappTests" */;
			buildPhases = (
				DCF9A4371E2F548A00D9F103 /* Sources */,
				DCF9A4381E2F548A00D9F103 /* Frameworks */,
				DCF9A4391E2F548A00D9F103 /* Resources */,
			);
			buildRules = (
			);
			dependencies = (
				DCF9A43D1E2F548A00D9F103 /* PBXTargetDependency */,
			);
			name = muraappTests;
			productName = muraappTests;
			productReference = DCF9A43B1E2F548A00D9F103 /* muraappTests.xctest */;
			productType = "com.apple.product-type.bundle.unit-test";
		};
		DCF9A4451E2F548A00D9F103 /* muraappUITests */ = {
			isa = PBXNativeTarget;
			buildConfigurationList = DCF9A4551E2F548A00D9F103 /* Build configuration list for PBXNativeTarget "muraappUITests" */;
			buildPhases = (
				DCF9A4421E2F548A00D9F103 /* Sources */,
				DCF9A4431E2F548A00D9F103 /* Frameworks */,
				DCF9A4441E2F548A00D9F103 /* Resources */,
			);
			buildRules = (
			);
			dependencies = (
				DCF9A4481E2F548A00D9F103 /* PBXTargetDependency */,
			);
			name = muraappUITests;
			productName = muraappUITests;
			productReference = DCF9A4461E2F548A00D9F103 /* muraappUITests.xctest */;
			productType = "com.apple.product-type.bundle.ui-testing";
		};
/* End PBXNativeTarget section */

/* Begin PBXProject section */
		DCF9A41F1E2F548A00D9F103 /* Project object */ = {
			isa = PBXProject;
			attributes = {
				LastSwiftUpdateCheck = 0730;
				LastUpgradeCheck = 0730;
				ORGANIZATIONNAME = kroon;
				TargetAttributes = {
					DCF9A4261E2F548A00D9F103 = {
						CreatedOnToolsVersion = 7.3.1;
					};
					DCF9A43A1E2F548A00D9F103 = {
						CreatedOnToolsVersion = 7.3.1;
						TestTargetID = DCF9A4261E2F548A00D9F103;
					};
					DCF9A4451E2F548A00D9F103 = {
						CreatedOnToolsVersion = 7.3.1;
						TestTargetID = DCF9A4261E2F548A00D9F103;
					};
				};
			};
			buildConfigurationList = DCF9A4221E2F548A00D9F103 /* Build configuration list for PBXProject "muraapp" */;
			compatibilityVersion = "Xcode 3.2";
			developmentRegion = English;
			hasScannedForEncodings = 0;
			knownRegions = (
				en,
				Base,
			);
			mainGroup = DCF9A41E1E2F548A00D9F103;
			productRefGroup = DCF9A4281E2F548A00D9F103 /* Products */;
			projectDirPath = "";
			projectRoot = "";
			targets = (
				DCF9A4261E2F548A00D9F103 /* muraapp */,
				DCF9A43A1E2F548A00D9F103 /* muraappTests */,
				DCF9A4451E2F548A00D9F103 /* muraappUITests */,
			);
		};
/* End PBXProject section */

/* Begin PBXResourcesBuildPhase section */
		DCF9A4251E2F548A00D9F103 /* Resources */ = {
			isa = PBXResourcesBuildPhase;
			buildActionMask = 2147483647;
			files = (
				DCF9A4351E2F548A00D9F103 /* LaunchScreen.storyboard in Resources */,
				DCF9A4321E2F548A00D9F103 /* Assets.xcassets in Resources */,
				DCF9A4301E2F548A00D9F103 /* Main.storyboard in Resources */,
			);
			runOnlyForDeploymentPostprocessing = 0;
		};
		DCF9A4391E2F548A00D9F103 /* Resources */ = {
			isa = PBXResourcesBuildPhase;
			buildActionMask = 2147483647;
			files = (
			);
			runOnlyForDeploymentPostprocessing = 0;
		};
		DCF9A4441E2F548A00D9F103 /* Resources */ = {
			isa = PBXResourcesBuildPhase;
			buildActionMask = 2147483647;
			files = (
			);
			runOnlyForDeploymentPostprocessing = 0;
		};
/* End PBXResourcesBuildPhase section */

/* Begin PBXSourcesBuildPhase section */
		DCF9A4231E2F548A00D9F103 /* Sources */ = {
			isa = PBXSourcesBuildPhase;
			buildActionMask = 2147483647;
			files = (
				DCF9A42D1E2F548A00D9F103 /* ViewController.swift in Sources */,
				DCF9A42B1E2F548A00D9F103 /* AppDelegate.swift in Sources */,
			);
			runOnlyForDeploymentPostprocessing = 0;
		};
		DCF9A4371E2F548A00D9F103 /* Sources */ = {
			isa = PBXSourcesBuildPhase;
			buildActionMask = 2147483647;
			files = (
				DCF9A4401E2F548A00D9F103 /* muraappTests.swift in Sources */,
			);
			runOnlyForDeploymentPostprocessing = 0;
		};
		DCF9A4421E2F548A00D9F103 /* Sources */ = {
			isa = PBXSourcesBuildPhase;
			buildActionMask = 2147483647;
			files = (
				DCF9A44B1E2F548A00D9F103 /* muraappUITests.swift in Sources */,
			);
			runOnlyForDeploymentPostprocessing = 0;
		};
/* End PBXSourcesBuildPhase section */

/* Begin PBXTargetDependency section */
		DCF9A43D1E2F548A00D9F103 /* PBXTargetDependency */ = {
			isa = PBXTargetDependency;
			target = DCF9A4261E2F548A00D9F103 /* muraapp */;
			targetProxy = DCF9A43C1E2F548A00D9F103 /* PBXContainerItemProxy */;
		};
		DCF9A4481E2F548A00D9F103 /* PBXTargetDependency */ = {
			isa = PBXTargetDependency;
			target = DCF9A4261E2F548A00D9F103 /* muraapp */;
			targetProxy = DCF9A4471E2F548A00D9F103 /* PBXContainerItemProxy */;
		};
/* End PBXTargetDependency section */

/* Begin PBXVariantGroup section */
		DCF9A42E1E2F548A00D9F103 /* Main.storyboard */ = {
			isa = PBXVariantGroup;
			children = (
				DCF9A42F1E2F548A00D9F103 /* Base */,
			);
			name = Main.storyboard;
			sourceTree = "<group>";
		};
		DCF9A4331E2F548A00D9F103 /* LaunchScreen.storyboard */ = {
			isa = PBXVariantGroup;
			children = (
				DCF9A4341E2F548A00D9F103 /* Base */,
			);
			name = LaunchScreen.storyboard;
			sourceTree = "<group>";
		};
/* End PBXVariantGroup section */

/* Begin XCBuildConfiguration section */
		DCF9A44D1E2F548A00D9F103 /* Debug */ = {
			isa = XCBuildConfiguration;
			buildSettings = {
				ALWAYS_SEARCH_USER_PATHS = NO;
				CLANG_ANALYZER_NONNULL = YES;
				CLANG_CXX_LANGUAGE_STANDARD = "gnu++0x";
				CLANG_CXX_LIBRARY = "libc++";
				CLANG_ENABLE_MODULES = YES;
				CLANG_ENABLE_OBJC_ARC = YES;
				CLANG_WARN_BOOL_CONVERSION = YES;
				CLANG_WARN_CONSTANT_CONVERSION = YES;
				CLANG_WARN_DIRECT_OBJC_ISA_USAGE = YES_ERROR;
				CLANG_WARN_EMPTY_BODY = YES;
				CLANG_WARN_ENUM_CONVERSION = YES;
				CLANG_WARN_INT_CONVERSION = YES;
				CLANG_WARN_OBJC_ROOT_CLASS = YES_ERROR;
				CLANG_WARN_UNREACHABLE_CODE = YES;
				CLANG_WARN__DUPLICATE_METHOD_MATCH = YES;
				"CODE_SIGN_IDENTITY[sdk=iphoneos*]" = "iPhone Developer";
				COPY_PHASE_STRIP = NO;
				DEBUG_INFORMATION_FORMAT = dwarf;
				ENABLE_STRICT_OBJC_MSGSEND = YES;
				ENABLE_TESTABILITY = YES;
				GCC_C_LANGUAGE_STANDARD = gnu99;
				GCC_DYNAMIC_NO_PIC = NO;
				GCC_NO_COMMON_BLOCKS = YES;
				GCC_OPTIMIZATION_LEVEL = 0;
				GCC_PREPROCESSOR_DEFINITIONS = (
					"DEBUG=1",
					"$(inherited)",
				);
				GCC_WARN_64_TO_32_BIT_CONVERSION = YES;
				GCC_WARN_ABOUT_RETURN_TYPE = YES_ERROR;
				GCC_WARN_UNDECLARED_SELECTOR = YES;
				GCC_WARN_UNINITIALIZED_AUTOS = YES_AGGRESSIVE;
				GCC_WARN_UNUSED_FUNCTION = YES;
				GCC_WARN_UNUSED_VARIABLE = YES;
				IPHONEOS_DEPLOYMENT_TARGET = 9.3;
				MTL_ENABLE_DEBUG_INFO = YES;
				ONLY_ACTIVE_ARCH = YES;
				SDKROOT = iphoneos;
				SWIFT_OPTIMIZATION_LEVEL = "-Onone";
			};
			name = Debug;
		};
		DCF9A44E1E2F548A00D9F103 /* Release */ = {
			isa = XCBuildConfiguration;
			buildSettings = {
				ALWAYS_SEARCH_USER_PATHS = NO;
				CLANG_ANALYZER_NONNULL = YES;
				CLANG_CXX_LANGUAGE_STANDARD = "gnu++0x";
				CLANG_CXX_LIBRARY = "libc++";
				CLANG_ENABLE_MODULES = YES;
				CLANG_ENABLE_OBJC_ARC = YES;
				CLANG_WARN_BOOL_CONVERSION = YES;
				CLANG_WARN_CONSTANT_CONVERSION = YES;
				CLANG_WARN_DIRECT_OBJC_ISA_USAGE = YES_ERROR;
				CLANG_WARN_EMPTY_BODY = YES;
				CLANG_WARN_ENUM_CONVERSION = YES;
				CLANG_WARN_INT_CONVERSION = YES;
				CLANG_WARN_OBJC_ROOT_CLASS = YES_ERROR;
				CLANG_WARN_UNREACHABLE_CODE = YES;
				CLANG_WARN__DUPLICATE_METHOD_MATCH = YES;
				"CODE_SIGN_IDENTITY[sdk=iphoneos*]" = "iPhone Developer";
				COPY_PHASE_STRIP = NO;
				DEBUG_INFORMATION_FORMAT = "dwarf-with-dsym";
				ENABLE_NS_ASSERTIONS = NO;
				ENABLE_STRICT_OBJC_MSGSEND = YES;
				GCC_C_LANGUAGE_STANDARD = gnu99;
				GCC_NO_COMMON_BLOCKS = YES;
				GCC_WARN_64_TO_32_BIT_CONVERSION = YES;
				GCC_WARN_ABOUT_RETURN_TYPE = YES_ERROR;
				GCC_WARN_UNDECLARED_SELECTOR = YES;
				GCC_WARN_UNINITIALIZED_AUTOS = YES_AGGRESSIVE;
				GCC_WARN_UNUSED_FUNCTION = YES;
				GCC_WARN_UNUSED_VARIABLE = YES;
				IPHONEOS_DEPLOYMENT_TARGET = 9.3;
				MTL_ENABLE_DEBUG_INFO = NO;
				SDKROOT = iphoneos;
				VALIDATE_PRODUCT = YES;
			};
			name = Release;
		};
		DCF9A4501E2F548A00D9F103 /* Debug */ = {
			isa = XCBuildConfiguration;
			buildSettings = {
				ASSETCATALOG_COMPILER_APPICON_NAME = AppIcon;
				INFOPLIST_FILE = muraapp/Info.plist;
				LD_RUNPATH_SEARCH_PATHS = "$(inherited) @executable_path/Frameworks";
				PRODUCT_BUNDLE_IDENTIFIER = LRN.muraapp;
				PRODUCT_NAME = "$(TARGET_NAME)";
			};
			name = Debug;
		};
		DCF9A4511E2F548A00D9F103 /* Release */ = {
			isa = XCBuildConfiguration;
			buildSettings = {
				ASSETCATALOG_COMPILER_APPICON_NAME = AppIcon;
				INFOPLIST_FILE = muraapp/Info.plist;
				LD_RUNPATH_SEARCH_PATHS = "$(inherited) @executable_path/Frameworks";
				PRODUCT_BUNDLE_IDENTIFIER = LRN.muraapp;
				PRODUCT_NAME = "$(TARGET_NAME)";
			};
			name = Release;
		};
		DCF9A4531E2F548A00D9F103 /* Debug */ = {
			isa = XCBuildConfiguration;
			buildSettings = {
				BUNDLE_LOADER = "$(TEST_HOST)";
				INFOPLIST_FILE = muraappTests/Info.plist;
				LD_RUNPATH_SEARCH_PATHS = "$(inherited) @executable_path/Frameworks @loader_path/Frameworks";
				PRODUCT_BUNDLE_IDENTIFIER = LRN.muraappTests;
				PRODUCT_NAME = "$(TARGET_NAME)";
				TEST_HOST = "$(BUILT_PRODUCTS_DIR)/muraapp.app/muraapp";
			};
			name = Debug;
		};
		DCF9A4541E2F548A00D9F103 /* Release */ = {
			isa = XCBuildConfiguration;
			buildSettings = {
				BUNDLE_LOADER = "$(TEST_HOST)";
				INFOPLIST_FILE = muraappTests/Info.plist;
				LD_RUNPATH_SEARCH_PATHS = "$(inherited) @executable_path/Frameworks @loader_path/Frameworks";
				PRODUCT_BUNDLE_IDENTIFIER = LRN.muraappTests;
				PRODUCT_NAME = "$(TARGET_NAME)";
				TEST_HOST = "$(BUILT_PRODUCTS_DIR)/muraapp.app/muraapp";
			};
			name = Release;
		};
		DCF9A4561E2F548A00D9F103 /* Debug */ = {
			isa = XCBuildConfiguration;
			buildSettings = {
				INFOPLIST_FILE = muraappUITests/Info.plist;
				LD_RUNPATH_SEARCH_PATHS = "$(inherited) @executable_path/Frameworks @loader_path/Frameworks";
				PRODUCT_BUNDLE_IDENTIFIER = LRN.muraappUITests;
				PRODUCT_NAME = "$(TARGET_NAME)";
				TEST_TARGET_NAME = muraapp;
			};
			name = Debug;
		};
		DCF9A4571E2F548A00D9F103 /* Release */ = {
			isa = XCBuildConfiguration;
			buildSettings = {
				INFOPLIST_FILE = muraappUITests/Info.plist;
				LD_RUNPATH_SEARCH_PATHS = "$(inherited) @executable_path/Frameworks @loader_path/Frameworks";
				PRODUCT_BUNDLE_IDENTIFIER = LRN.muraappUITests;
				PRODUCT_NAME = "$(TARGET_NAME)";
				TEST_TARGET_NAME = muraapp;
			};
			name = Release;
		};
/* End XCBuildConfiguration section */

/* Begin XCConfigurationList section */
		DCF9A4221E2F548A00D9F103 /* Build configuration list for PBXProject "muraapp" */ = {
			isa = XCConfigurationList;
			buildConfigurations = (
				DCF9A44D1E2F548A00D9F103 /* Debug */,
				DCF9A44E1E2F548A00D9F103 /* Release */,
			);
			defaultConfigurationIsVisible = 0;
			defaultConfigurationName = Release;
		};
		DCF9A44F1E2F548A00D9F103 /* Build configuration list for PBXNativeTarget "muraapp" */ = {
			isa = XCConfigurationList;
			buildConfigurations = (
				DCF9A4501E2F548A00D9F103 /* Debug */,
				DCF9A4511E2F548A00D9F103 /* Release */,
			);
			defaultConfigurationIsVisible = 0;
		};
		DCF9A4521E2F548A00D9F103 /* Build configuration list for PBXNativeTarget "muraappTests" */ = {
			isa = XCConfigurationList;
			buildConfigurations = (
				DCF9A4531E2F548A00D9F103 /* Debug */,
				DCF9A4541E2F548A00D9F103 /* Release */,
			);
			defaultConfigurationIsVisible = 0;
		};
		DCF9A4551E2F548A00D9F103 /* Build configuration list for PBXNativeTarget "muraappUITests" */ = {
			isa = XCConfigurationList;
			buildConfigurations = (
				DCF9A4561E2F548A00D9F103 /* Debug */,
				DCF9A4571E2F548A00D9F103 /* Release */,
			);
			defaultConfigurationIsVisible = 0;
		};
/* End XCConfigurationList section */
	};
	rootObject = DCF9A41F1E2F548A00D9F103 /* Project object */;
}
